
Microsoft Visual Studio Solution File, Format Version 12.00
# Visual Studio Version 17
VisualStudioVersion = 17.12.35521.163 d17.12
MinimumVisualStudioVersion = 10.0.40219.1
Project("{FAE04EC0-301F-11D3-BF4B-00C04F79EFBC}") = "ProductsApp.API", "ProductsApp.API\ProductsApp.API.csproj", "{C086E64E-D751-4997-B9B9-425BEBFB892D}"
EndProject
Project("{FAE04EC0-301F-11D3-BF4B-00C04F79EFBC}") = "ProductsApp.Data", "ProductsApp.Data\ProductsApp.Data.csproj", "{0F7AD5D4-380C-4DAB-B664-64429148A89B}"
EndProject
Project("{FAE04EC0-301F-11D3-BF4B-00C04F79EFBC}") = "ProductsApp.Services", "ProductsApp.Services\ProductsApp.Services.csproj", "{84AF78EA-1276-44C5-BA8D-49E2951E492D}"
EndProject
Global
	GlobalSection(SolutionConfigurationPlatforms) = preSolution
		Debug|Any CPU = Debug|Any CPU
		Release|Any CPU = Release|Any CPU
	EndGlobalSection
	GlobalSection(ProjectConfigurationPlatforms) = postSolution
		{C086E64E-D751-4997-B9B9-425BEBFB892D}.Debug|Any CPU.ActiveCfg = Debug|Any CPU
		{C086E64E-D751-4997-B9B9-425BEBFB892D}.Debug|Any CPU.Build.0 = Debug|Any CPU
		{C086E64E-D751-4997-B9B9-425BEBFB892D}.Release|Any CPU.ActiveCfg = Release|Any CPU
		{C086E64E-D751-4997-B9B9-425BEBFB892D}.Release|Any CPU.Build.0 = Release|Any CPU
		{0F7AD5D4-380C-4DAB-B664-64429148A89B}.Debug|Any CPU.ActiveCfg = Debug|Any CPU
		{0F7AD5D4-380C-4DAB-B664-64429148A89B}.Debug|Any CPU.Build.0 = Debug|Any CPU
		{0F7AD5D4-380C-4DAB-B664-64429148A89B}.Release|Any CPU.ActiveCfg = Release|Any CPU
		{0F7AD5D4-380C-4DAB-B664-64429148A89B}.Release|Any CPU.Build.0 = Release|Any CPU
		{84AF78EA-1276-44C5-BA8D-49E2951E492D}.Debug|Any CPU.ActiveCfg = Debug|Any CPU
		{84AF78EA-1276-44C5-BA8D-49E2951E492D}.Debug|Any CPU.Build.0 = Debug|Any CPU
		{84AF78EA-1276-44C5-BA8D-49E2951E492D}.Release|Any CPU.ActiveCfg = Release|Any CPU
		{84AF78EA-1276-44C5-BA8D-49E2951E492D}.Release|Any CPU.Build.0 = Release|Any CPU
	EndGlobalSection
	GlobalSection(SolutionProperties) = preSolution
		HideSolutionNode = FALSE
	EndGlobalSection
EndGlobal
